
Microsoft Visual Studio Solution File, Format Version 12.00
# Visual Studio 15
VisualStudioVersion = 15.0.28307.136
MinimumVisualStudioVersion = 10.0.40219.1
Project("{9092AA53-FB77-4645-B42D-1CCCA6BD08BD}") = "iti-baseline-types", "iti-baseline-types\iti-baseline-types.njsproj", "{74CE9CF9-ACC8-491D-9B0B-A48E92BCC398}"
EndProject
Global
	GlobalSection(SolutionConfigurationPlatforms) = preSolution
		Debug|Any CPU = Debug|Any CPU
		Release|Any CPU = Release|Any CPU
	EndGlobalSection
	GlobalSection(ProjectConfigurationPlatforms) = postSolution
		{74CE9CF9-ACC8-491D-9B0B-A48E92BCC398}.Debug|Any CPU.ActiveCfg = Debug|Any CPU
		{74CE9CF9-ACC8-491D-9B0B-A48E92BCC398}.Debug|Any CPU.Build.0 = Debug|Any CPU
		{74CE9CF9-ACC8-491D-9B0B-A48E92BCC398}.Release|Any CPU.ActiveCfg = Release|Any CPU
		{74CE9CF9-ACC8-491D-9B0B-A48E92BCC398}.Release|Any CPU.Build.0 = Release|Any CPU
	EndGlobalSection
	GlobalSection(SolutionProperties) = preSolution
		HideSolutionNode = FALSE
	EndGlobalSection
	GlobalSection(ExtensibilityGlobals) = postSolution
		SolutionGuid = {39B9DD04-444C-4DDA-8934-76A4C7B22AE5}
	EndGlobalSection
EndGlobal
