
Microsoft Visual Studio Solution File, Format Version 12.00
# Visual Studio Version 17
VisualStudioVersion = 17.0.31912.275
MinimumVisualStudioVersion = 10.0.40219.1
Project("{9A19103F-16F7-4668-BE54-9A1E7A4F7556}") = "UnitTests", "Tests\UnitTests\UnitTests.csproj", "{83B59572-A193-47BE-A64E-461EF934C2D0}"
EndProject
Project("{2150E333-8FDC-42A3-9474-1A3956D46DE8}") = "Tests", "Tests", "{377CB845-C49D-4DCC-85B6-DE46E76A4652}"
EndProject
Project("{9A19103F-16F7-4668-BE54-9A1E7A4F7556}") = "TestApp", "Tests\TestApp\TestApp.csproj", "{68D9061D-B6BC-4E88-8496-52878E1DD5E1}"
EndProject
Project("{9A19103F-16F7-4668-BE54-9A1E7A4F7556}") = "IntegrationTests", "Tests\IntegrationTests\IntegrationTests.csproj", "{E6499B27-E34A-480F-B0B3-C586FB688FD4}"
EndProject
Project("{2150E333-8FDC-42A3-9474-1A3956D46DE8}") = "_Solution Items", "_Solution Items", "{2AC9BD1A-0AE3-4098-8964-E9AD0F3EB779}"
	ProjectSection(SolutionItems) = preProject
		.editorconfig = .editorconfig
		.gitignore = .gitignore
		CHANGELOG.md = CHANGELOG.md
		Directory.Build.props = Directory.Build.props
		nuget.config = nuget.config
		Publish-NuGetPackages.ps1 = Publish-NuGetPackages.ps1
		README.md = README.md
	EndProjectSection
EndProject
Project("{2150E333-8FDC-42A3-9474-1A3956D46DE8}") = "Baseline", "Baseline", "{25A59AF9-975A-43A6-B0D1-63A4C897F6FE}"
EndProject
Project("{2150E333-8FDC-42A3-9474-1A3956D46DE8}") = "DDD", "DDD", "{E1CFE9F2-0686-4C4F-B831-20FF5079C2C4}"
EndProject
Project("{9A19103F-16F7-4668-BE54-9A1E7A4F7556}") = "Application", "DDD\Application\Application.csproj", "{230BEF4C-DC54-4F63-BDD5-69EDD7B057A5}"
EndProject
Project("{9A19103F-16F7-4668-BE54-9A1E7A4F7556}") = "Auth", "DDD\Auth\Auth.csproj", "{2DC8EFAB-A53F-4400-A7C9-76B49A434495}"
EndProject
Project("{9A19103F-16F7-4668-BE54-9A1E7A4F7556}") = "Core", "DDD\Core\Core.csproj", "{2018BB35-E600-4394-8A18-1E7439BA5C93}"
EndProject
Project("{9A19103F-16F7-4668-BE54-9A1E7A4F7556}") = "Domain", "DDD\Domain\Domain.csproj", "{1C9278EE-D2D3-421F-9A93-FE86ED4CA165}"
EndProject
Project("{9A19103F-16F7-4668-BE54-9A1E7A4F7556}") = "Infrastructure", "DDD\Infrastructure\Infrastructure.csproj", "{7D34A47F-DD6C-40CF-8E3E-B1EB4AFB5F2B}"
EndProject
Project("{9A19103F-16F7-4668-BE54-9A1E7A4F7556}") = "Logging", "DDD\Logging\Logging.csproj", "{79C821CD-0858-43E2-88EF-4BF788036606}"
EndProject
Project("{9A19103F-16F7-4668-BE54-9A1E7A4F7556}") = "Audit", "Baseline\Audit\Audit.csproj", "{88E199FA-C6F8-4891-92C1-67BC1E54D3BF}"
EndProject
Project("{9A19103F-16F7-4668-BE54-9A1E7A4F7556}") = "Passwords", "Baseline\Passwords\Passwords.csproj", "{4DA54CBD-F9F6-4CF8-B6AD-A303469E2A2E}"
EndProject
Project("{9A19103F-16F7-4668-BE54-9A1E7A4F7556}") = "Util", "Baseline\Util\Util.csproj", "{E2984E61-3AA1-4150-864E-1942E7C773F1}"
EndProject
Project("{9A19103F-16F7-4668-BE54-9A1E7A4F7556}") = "ValueObjects", "Baseline\ValueObjects\ValueObjects.csproj", "{80072E3E-5D2F-4DDE-89C6-0AE513389EA3}"
EndProject
Project("{9A19103F-16F7-4668-BE54-9A1E7A4F7556}") = "RequestTracing", "Baseline\RequestTracing\RequestTracing.csproj", "{495173FC-1185-4EE4-8445-A9B4F314D9B6}"
EndProject
Global
	GlobalSection(SolutionConfigurationPlatforms) = preSolution
		Debug|Any CPU = Debug|Any CPU
		Release|Any CPU = Release|Any CPU
	EndGlobalSection
	GlobalSection(ProjectConfigurationPlatforms) = postSolution
		{83B59572-A193-47BE-A64E-461EF934C2D0}.Debug|Any CPU.ActiveCfg = Debug|Any CPU
		{83B59572-A193-47BE-A64E-461EF934C2D0}.Debug|Any CPU.Build.0 = Debug|Any CPU
		{83B59572-A193-47BE-A64E-461EF934C2D0}.Release|Any CPU.ActiveCfg = Release|Any CPU
		{83B59572-A193-47BE-A64E-461EF934C2D0}.Release|Any CPU.Build.0 = Release|Any CPU
		{68D9061D-B6BC-4E88-8496-52878E1DD5E1}.Debug|Any CPU.ActiveCfg = Debug|Any CPU
		{68D9061D-B6BC-4E88-8496-52878E1DD5E1}.Debug|Any CPU.Build.0 = Debug|Any CPU
		{68D9061D-B6BC-4E88-8496-52878E1DD5E1}.Release|Any CPU.ActiveCfg = Release|Any CPU
		{68D9061D-B6BC-4E88-8496-52878E1DD5E1}.Release|Any CPU.Build.0 = Release|Any CPU
		{E6499B27-E34A-480F-B0B3-C586FB688FD4}.Debug|Any CPU.ActiveCfg = Debug|Any CPU
		{E6499B27-E34A-480F-B0B3-C586FB688FD4}.Debug|Any CPU.Build.0 = Debug|Any CPU
		{E6499B27-E34A-480F-B0B3-C586FB688FD4}.Release|Any CPU.ActiveCfg = Release|Any CPU
		{E6499B27-E34A-480F-B0B3-C586FB688FD4}.Release|Any CPU.Build.0 = Release|Any CPU
		{230BEF4C-DC54-4F63-BDD5-69EDD7B057A5}.Debug|Any CPU.ActiveCfg = Debug|Any CPU
		{230BEF4C-DC54-4F63-BDD5-69EDD7B057A5}.Debug|Any CPU.Build.0 = Debug|Any CPU
		{230BEF4C-DC54-4F63-BDD5-69EDD7B057A5}.Release|Any CPU.ActiveCfg = Release|Any CPU
		{230BEF4C-DC54-4F63-BDD5-69EDD7B057A5}.Release|Any CPU.Build.0 = Release|Any CPU
		{2DC8EFAB-A53F-4400-A7C9-76B49A434495}.Debug|Any CPU.ActiveCfg = Debug|Any CPU
		{2DC8EFAB-A53F-4400-A7C9-76B49A434495}.Debug|Any CPU.Build.0 = Debug|Any CPU
		{2DC8EFAB-A53F-4400-A7C9-76B49A434495}.Release|Any CPU.ActiveCfg = Release|Any CPU
		{2DC8EFAB-A53F-4400-A7C9-76B49A434495}.Release|Any CPU.Build.0 = Release|Any CPU
		{2018BB35-E600-4394-8A18-1E7439BA5C93}.Debug|Any CPU.ActiveCfg = Debug|Any CPU
		{2018BB35-E600-4394-8A18-1E7439BA5C93}.Debug|Any CPU.Build.0 = Debug|Any CPU
		{2018BB35-E600-4394-8A18-1E7439BA5C93}.Release|Any CPU.ActiveCfg = Release|Any CPU
		{2018BB35-E600-4394-8A18-1E7439BA5C93}.Release|Any CPU.Build.0 = Release|Any CPU
		{1C9278EE-D2D3-421F-9A93-FE86ED4CA165}.Debug|Any CPU.ActiveCfg = Debug|Any CPU
		{1C9278EE-D2D3-421F-9A93-FE86ED4CA165}.Debug|Any CPU.Build.0 = Debug|Any CPU
		{1C9278EE-D2D3-421F-9A93-FE86ED4CA165}.Release|Any CPU.ActiveCfg = Release|Any CPU
		{1C9278EE-D2D3-421F-9A93-FE86ED4CA165}.Release|Any CPU.Build.0 = Release|Any CPU
		{7D34A47F-DD6C-40CF-8E3E-B1EB4AFB5F2B}.Debug|Any CPU.ActiveCfg = Debug|Any CPU
		{7D34A47F-DD6C-40CF-8E3E-B1EB4AFB5F2B}.Debug|Any CPU.Build.0 = Debug|Any CPU
		{7D34A47F-DD6C-40CF-8E3E-B1EB4AFB5F2B}.Release|Any CPU.ActiveCfg = Release|Any CPU
		{7D34A47F-DD6C-40CF-8E3E-B1EB4AFB5F2B}.Release|Any CPU.Build.0 = Release|Any CPU
		{79C821CD-0858-43E2-88EF-4BF788036606}.Debug|Any CPU.ActiveCfg = Debug|Any CPU
		{79C821CD-0858-43E2-88EF-4BF788036606}.Debug|Any CPU.Build.0 = Debug|Any CPU
		{79C821CD-0858-43E2-88EF-4BF788036606}.Release|Any CPU.ActiveCfg = Release|Any CPU
		{79C821CD-0858-43E2-88EF-4BF788036606}.Release|Any CPU.Build.0 = Release|Any CPU
		{88E199FA-C6F8-4891-92C1-67BC1E54D3BF}.Debug|Any CPU.ActiveCfg = Debug|Any CPU
		{88E199FA-C6F8-4891-92C1-67BC1E54D3BF}.Debug|Any CPU.Build.0 = Debug|Any CPU
		{88E199FA-C6F8-4891-92C1-67BC1E54D3BF}.Release|Any CPU.ActiveCfg = Release|Any CPU
		{88E199FA-C6F8-4891-92C1-67BC1E54D3BF}.Release|Any CPU.Build.0 = Release|Any CPU
		{4DA54CBD-F9F6-4CF8-B6AD-A303469E2A2E}.Debug|Any CPU.ActiveCfg = Debug|Any CPU
		{4DA54CBD-F9F6-4CF8-B6AD-A303469E2A2E}.Debug|Any CPU.Build.0 = Debug|Any CPU
		{4DA54CBD-F9F6-4CF8-B6AD-A303469E2A2E}.Release|Any CPU.ActiveCfg = Release|Any CPU
		{4DA54CBD-F9F6-4CF8-B6AD-A303469E2A2E}.Release|Any CPU.Build.0 = Release|Any CPU
		{E2984E61-3AA1-4150-864E-1942E7C773F1}.Debug|Any CPU.ActiveCfg = Debug|Any CPU
		{E2984E61-3AA1-4150-864E-1942E7C773F1}.Debug|Any CPU.Build.0 = Debug|Any CPU
		{E2984E61-3AA1-4150-864E-1942E7C773F1}.Release|Any CPU.ActiveCfg = Release|Any CPU
		{E2984E61-3AA1-4150-864E-1942E7C773F1}.Release|Any CPU.Build.0 = Release|Any CPU
		{80072E3E-5D2F-4DDE-89C6-0AE513389EA3}.Debug|Any CPU.ActiveCfg = Debug|Any CPU
		{80072E3E-5D2F-4DDE-89C6-0AE513389EA3}.Debug|Any CPU.Build.0 = Debug|Any CPU
		{80072E3E-5D2F-4DDE-89C6-0AE513389EA3}.Release|Any CPU.ActiveCfg = Release|Any CPU
		{80072E3E-5D2F-4DDE-89C6-0AE513389EA3}.Release|Any CPU.Build.0 = Release|Any CPU
		{495173FC-1185-4EE4-8445-A9B4F314D9B6}.Debug|Any CPU.ActiveCfg = Debug|Any CPU
		{495173FC-1185-4EE4-8445-A9B4F314D9B6}.Debug|Any CPU.Build.0 = Debug|Any CPU
		{495173FC-1185-4EE4-8445-A9B4F314D9B6}.Release|Any CPU.ActiveCfg = Release|Any CPU
		{495173FC-1185-4EE4-8445-A9B4F314D9B6}.Release|Any CPU.Build.0 = Release|Any CPU
	EndGlobalSection
	GlobalSection(SolutionProperties) = preSolution
		HideSolutionNode = FALSE
	EndGlobalSection
	GlobalSection(NestedProjects) = preSolution
		{83B59572-A193-47BE-A64E-461EF934C2D0} = {377CB845-C49D-4DCC-85B6-DE46E76A4652}
		{68D9061D-B6BC-4E88-8496-52878E1DD5E1} = {377CB845-C49D-4DCC-85B6-DE46E76A4652}
		{E6499B27-E34A-480F-B0B3-C586FB688FD4} = {377CB845-C49D-4DCC-85B6-DE46E76A4652}
		{230BEF4C-DC54-4F63-BDD5-69EDD7B057A5} = {E1CFE9F2-0686-4C4F-B831-20FF5079C2C4}
		{2DC8EFAB-A53F-4400-A7C9-76B49A434495} = {E1CFE9F2-0686-4C4F-B831-20FF5079C2C4}
		{2018BB35-E600-4394-8A18-1E7439BA5C93} = {E1CFE9F2-0686-4C4F-B831-20FF5079C2C4}
		{1C9278EE-D2D3-421F-9A93-FE86ED4CA165} = {E1CFE9F2-0686-4C4F-B831-20FF5079C2C4}
		{7D34A47F-DD6C-40CF-8E3E-B1EB4AFB5F2B} = {E1CFE9F2-0686-4C4F-B831-20FF5079C2C4}
		{79C821CD-0858-43E2-88EF-4BF788036606} = {E1CFE9F2-0686-4C4F-B831-20FF5079C2C4}
		{88E199FA-C6F8-4891-92C1-67BC1E54D3BF} = {25A59AF9-975A-43A6-B0D1-63A4C897F6FE}
		{4DA54CBD-F9F6-4CF8-B6AD-A303469E2A2E} = {25A59AF9-975A-43A6-B0D1-63A4C897F6FE}
		{E2984E61-3AA1-4150-864E-1942E7C773F1} = {25A59AF9-975A-43A6-B0D1-63A4C897F6FE}
		{80072E3E-5D2F-4DDE-89C6-0AE513389EA3} = {25A59AF9-975A-43A6-B0D1-63A4C897F6FE}
		{495173FC-1185-4EE4-8445-A9B4F314D9B6} = {25A59AF9-975A-43A6-B0D1-63A4C897F6FE}
	EndGlobalSection
	GlobalSection(ExtensibilityGlobals) = postSolution
		SolutionGuid = {78A81A9B-7673-4707-8E17-EC64CD4F73AC}
	EndGlobalSection
EndGlobal
