
Microsoft Visual Studio Solution File, Format Version 12.00
# Visual Studio Version 16
VisualStudioVersion = 16.0.30621.155
MinimumVisualStudioVersion = 10.0.40219.1
Project("{2150E333-8FDC-42A3-9474-1A3956D46DE8}") = "ITI", "ITI", "{8EE9D213-AF48-495E-B5E7-154C8FCA77E8}"
EndProject
Project("{2150E333-8FDC-42A3-9474-1A3956D46DE8}") = "DDD", "DDD", "{C6565177-7BFC-4B3E-A2C5-3FD0E1401096}"
EndProject
Project("{9A19103F-16F7-4668-BE54-9A1E7A4F7556}") = "Core", "ITI\DDD\Core\Core.csproj", "{10C920CE-A921-460A-A014-EFE58243BD4F}"
EndProject
Project("{9A19103F-16F7-4668-BE54-9A1E7A4F7556}") = "Services", "ITI\DDD\Services\Services.csproj", "{D3F76DA8-5685-4A8F-B3FE-600C0AC2FE4E}"
EndProject
Project("{9A19103F-16F7-4668-BE54-9A1E7A4F7556}") = "UnitTests", "Tests\UnitTests\UnitTests.csproj", "{83B59572-A193-47BE-A64E-461EF934C2D0}"
EndProject
Project("{2150E333-8FDC-42A3-9474-1A3956D46DE8}") = "Tests", "Tests", "{377CB845-C49D-4DCC-85B6-DE46E76A4652}"
EndProject
Project("{9A19103F-16F7-4668-BE54-9A1E7A4F7556}") = "Logging", "ITI\DDD\Logging\Logging.csproj", "{6D70E30E-2770-4475-9F4F-9015AB1EE44A}"
EndProject
Project("{9A19103F-16F7-4668-BE54-9A1E7A4F7556}") = "Auth", "ITI\DDD\Auth\Auth.csproj", "{99904D13-139C-44D3-8296-8E8A11A20293}"
EndProject
Project("{FAE04EC0-301F-11D3-BF4B-00C04F79EFBC}") = "Utilities", "ITI\DDD\Utilities\Utilities.csproj", "{65F76EAE-6DAE-4B17-A0AB-F19B24AD9425}"
EndProject
Global
	GlobalSection(SolutionConfigurationPlatforms) = preSolution
		Debug|Any CPU = Debug|Any CPU
		Release|Any CPU = Release|Any CPU
	EndGlobalSection
	GlobalSection(ProjectConfigurationPlatforms) = postSolution
		{10C920CE-A921-460A-A014-EFE58243BD4F}.Debug|Any CPU.ActiveCfg = Debug|Any CPU
		{10C920CE-A921-460A-A014-EFE58243BD4F}.Debug|Any CPU.Build.0 = Debug|Any CPU
		{10C920CE-A921-460A-A014-EFE58243BD4F}.Release|Any CPU.ActiveCfg = Release|Any CPU
		{10C920CE-A921-460A-A014-EFE58243BD4F}.Release|Any CPU.Build.0 = Release|Any CPU
		{D3F76DA8-5685-4A8F-B3FE-600C0AC2FE4E}.Debug|Any CPU.ActiveCfg = Debug|Any CPU
		{D3F76DA8-5685-4A8F-B3FE-600C0AC2FE4E}.Debug|Any CPU.Build.0 = Debug|Any CPU
		{D3F76DA8-5685-4A8F-B3FE-600C0AC2FE4E}.Release|Any CPU.ActiveCfg = Release|Any CPU
		{D3F76DA8-5685-4A8F-B3FE-600C0AC2FE4E}.Release|Any CPU.Build.0 = Release|Any CPU
		{83B59572-A193-47BE-A64E-461EF934C2D0}.Debug|Any CPU.ActiveCfg = Debug|Any CPU
		{83B59572-A193-47BE-A64E-461EF934C2D0}.Debug|Any CPU.Build.0 = Debug|Any CPU
		{83B59572-A193-47BE-A64E-461EF934C2D0}.Release|Any CPU.ActiveCfg = Release|Any CPU
		{83B59572-A193-47BE-A64E-461EF934C2D0}.Release|Any CPU.Build.0 = Release|Any CPU
		{6D70E30E-2770-4475-9F4F-9015AB1EE44A}.Debug|Any CPU.ActiveCfg = Debug|Any CPU
		{6D70E30E-2770-4475-9F4F-9015AB1EE44A}.Debug|Any CPU.Build.0 = Debug|Any CPU
		{6D70E30E-2770-4475-9F4F-9015AB1EE44A}.Release|Any CPU.ActiveCfg = Release|Any CPU
		{6D70E30E-2770-4475-9F4F-9015AB1EE44A}.Release|Any CPU.Build.0 = Release|Any CPU
		{99904D13-139C-44D3-8296-8E8A11A20293}.Debug|Any CPU.ActiveCfg = Debug|Any CPU
		{99904D13-139C-44D3-8296-8E8A11A20293}.Debug|Any CPU.Build.0 = Debug|Any CPU
		{99904D13-139C-44D3-8296-8E8A11A20293}.Release|Any CPU.ActiveCfg = Release|Any CPU
		{99904D13-139C-44D3-8296-8E8A11A20293}.Release|Any CPU.Build.0 = Release|Any CPU
		{65F76EAE-6DAE-4B17-A0AB-F19B24AD9425}.Debug|Any CPU.ActiveCfg = Debug|Any CPU
		{65F76EAE-6DAE-4B17-A0AB-F19B24AD9425}.Debug|Any CPU.Build.0 = Debug|Any CPU
		{65F76EAE-6DAE-4B17-A0AB-F19B24AD9425}.Release|Any CPU.ActiveCfg = Release|Any CPU
		{65F76EAE-6DAE-4B17-A0AB-F19B24AD9425}.Release|Any CPU.Build.0 = Release|Any CPU
	EndGlobalSection
	GlobalSection(SolutionProperties) = preSolution
		HideSolutionNode = FALSE
	EndGlobalSection
	GlobalSection(NestedProjects) = preSolution
		{C6565177-7BFC-4B3E-A2C5-3FD0E1401096} = {8EE9D213-AF48-495E-B5E7-154C8FCA77E8}
		{10C920CE-A921-460A-A014-EFE58243BD4F} = {C6565177-7BFC-4B3E-A2C5-3FD0E1401096}
		{D3F76DA8-5685-4A8F-B3FE-600C0AC2FE4E} = {C6565177-7BFC-4B3E-A2C5-3FD0E1401096}
		{83B59572-A193-47BE-A64E-461EF934C2D0} = {377CB845-C49D-4DCC-85B6-DE46E76A4652}
		{6D70E30E-2770-4475-9F4F-9015AB1EE44A} = {C6565177-7BFC-4B3E-A2C5-3FD0E1401096}
		{99904D13-139C-44D3-8296-8E8A11A20293} = {C6565177-7BFC-4B3E-A2C5-3FD0E1401096}
		{65F76EAE-6DAE-4B17-A0AB-F19B24AD9425} = {C6565177-7BFC-4B3E-A2C5-3FD0E1401096}
	EndGlobalSection
	GlobalSection(ExtensibilityGlobals) = postSolution
		SolutionGuid = {78A81A9B-7673-4707-8E17-EC64CD4F73AC}
	EndGlobalSection
EndGlobal
