
Microsoft Visual Studio Solution File, Format Version 12.00
# Visual Studio Version 16
VisualStudioVersion = 16.0.30225.117
MinimumVisualStudioVersion = 10.0.40219.1
Project("{FAE04EC0-301F-11D3-BF4B-00C04F79EFBC}") = "Auth", "Baseline\Iti.Auth\Auth.csproj", "{57FEFE74-6578-4B99-A416-AAE694F37ADC}"
EndProject
Project("{FAE04EC0-301F-11D3-BF4B-00C04F79EFBC}") = "AuthService", "Baseline\Iti.AuthService\AuthService.csproj", "{C255C301-87D5-4405-9702-9002E869A935}"
EndProject
Project("{FAE04EC0-301F-11D3-BF4B-00C04F79EFBC}") = "Email", "Baseline\Iti.Email\Email.csproj", "{27265E5D-9BE1-456F-96BB-770E690D29A5}"
EndProject
Project("{FAE04EC0-301F-11D3-BF4B-00C04F79EFBC}") = "Exceptions", "Baseline\Iti.Exceptions\Exceptions.csproj", "{FAB96EE7-B34F-47FC-AF96-9CC31AC7F8BC}"
EndProject
Project("{2150E333-8FDC-42A3-9474-1A3956D46DE8}") = "Baseline", "Baseline", "{D122B058-6E18-4DD4-AEFD-23BBB17BD77E}"
EndProject
Project("{FAE04EC0-301F-11D3-BF4B-00C04F79EFBC}") = "Geolocation", "Baseline\Iti.Geolocation\Geolocation.csproj", "{F2848FAA-38A2-46ED-8E09-09428FEDAC50}"
EndProject
Project("{FAE04EC0-301F-11D3-BF4B-00C04F79EFBC}") = "Inversion", "Baseline\Iti.Inversion\Inversion.csproj", "{AEA5A010-E8FE-42F3-9C4D-07EF380AFB65}"
EndProject
Project("{FAE04EC0-301F-11D3-BF4B-00C04F79EFBC}") = "Logging", "Baseline\Iti.Logging\Logging.csproj", "{13D91588-2449-434B-9FA8-EE5508F180B0}"
EndProject
Project("{FAE04EC0-301F-11D3-BF4B-00C04F79EFBC}") = "Logging.Job", "Baseline\Iti.Logging.Job\Logging.Job.csproj", "{09532E56-FA10-4647-8CCD-2909135E7E45}"
EndProject
Project("{FAE04EC0-301F-11D3-BF4B-00C04F79EFBC}") = "Passwords", "Baseline\Iti.Passwords\Passwords.csproj", "{34AA24F5-8836-4253-8B78-415BD293A820}"
EndProject
Project("{FAE04EC0-301F-11D3-BF4B-00C04F79EFBC}") = "Sms", "Baseline\Iti.Sms\Sms.csproj", "{449E24E9-0417-48D4-8671-88455579FE58}"
EndProject
Project("{FAE04EC0-301F-11D3-BF4B-00C04F79EFBC}") = "Utilities", "Baseline\Iti.Utilities\Utilities.csproj", "{C1F67BFC-F215-45C6-9CEE-9C20F15E87D0}"
EndProject
Project("{FAE04EC0-301F-11D3-BF4B-00C04F79EFBC}") = "ValueObjects", "Baseline\Iti.ValueObjects\ValueObjects.csproj", "{4B0910BC-97DC-48E8-AC13-EDDF285951EA}"
EndProject
Project("{FAE04EC0-301F-11D3-BF4B-00C04F79EFBC}") = "Voice", "Baseline\Iti.Voice\Voice.csproj", "{C2C7719C-D169-4894-A8D8-6D60E698CA2D}"
EndProject
Project("{FAE04EC0-301F-11D3-BF4B-00C04F79EFBC}") = "Core", "Baseline\Iti.Core\Core.csproj", "{4035A0B1-F751-48BB-B096-0CE88F428176}"
EndProject
Project("{2150E333-8FDC-42A3-9474-1A3956D46DE8}") = "Tests", "Tests", "{479AB34A-6B7E-4B99-9D03-7261E7FA54BC}"
EndProject
Project("{FAE04EC0-301F-11D3-BF4B-00C04F79EFBC}") = "CoreTests", "Tests\CoreTests\CoreTests.csproj", "{5497B27C-1DD6-44DB-B102-BDAE516907CE}"
EndProject
Project("{2150E333-8FDC-42A3-9474-1A3956D46DE8}") = "SampleApp", "SampleApp", "{A7DDEA4F-DF73-4733-BA55-A1E6635CF7E4}"
EndProject
Project("{FAE04EC0-301F-11D3-BF4B-00C04F79EFBC}") = "AppConfig", "SampleApp\AppConfig\AppConfig.csproj", "{7ECE3860-8695-4AAD-B89A-892983A2C797}"
EndProject
Project("{FAE04EC0-301F-11D3-BF4B-00C04F79EFBC}") = "DataContext", "SampleApp\DataContext\DataContext.csproj", "{D9E1F7BD-4A94-4C32-B02E-D808B09D92DF}"
EndProject
Project("{FAE04EC0-301F-11D3-BF4B-00C04F79EFBC}") = "Domain", "SampleApp\Domain\Domain.csproj", "{AD2B3E74-E89B-4B0A-AABC-9BA5A115FB37}"
EndProject
Project("{FAE04EC0-301F-11D3-BF4B-00C04F79EFBC}") = "SampleApp", "SampleApp\SampleApp\SampleApp.csproj", "{87796BC1-1466-44D7-8F5E-04EEC8832860}"
EndProject
Project("{FAE04EC0-301F-11D3-BF4B-00C04F79EFBC}") = "Identities", "Baseline\Iti.Identities\Identities.csproj", "{5E13AE67-7C69-4697-B54E-DAA5707ECB39}"
EndProject
Project("{2150E333-8FDC-42A3-9474-1A3956D46DE8}") = "ITI", "ITI", "{6DD42321-41AA-4C24-9DE3-894E6129F02C}"
EndProject
Global
	GlobalSection(SolutionConfigurationPlatforms) = preSolution
		Debug|Any CPU = Debug|Any CPU
		Release|Any CPU = Release|Any CPU
	EndGlobalSection
	GlobalSection(ProjectConfigurationPlatforms) = postSolution
		{57FEFE74-6578-4B99-A416-AAE694F37ADC}.Debug|Any CPU.ActiveCfg = Debug|Any CPU
		{57FEFE74-6578-4B99-A416-AAE694F37ADC}.Debug|Any CPU.Build.0 = Debug|Any CPU
		{57FEFE74-6578-4B99-A416-AAE694F37ADC}.Release|Any CPU.ActiveCfg = Release|Any CPU
		{57FEFE74-6578-4B99-A416-AAE694F37ADC}.Release|Any CPU.Build.0 = Release|Any CPU
		{C255C301-87D5-4405-9702-9002E869A935}.Debug|Any CPU.ActiveCfg = Debug|Any CPU
		{C255C301-87D5-4405-9702-9002E869A935}.Debug|Any CPU.Build.0 = Debug|Any CPU
		{C255C301-87D5-4405-9702-9002E869A935}.Release|Any CPU.ActiveCfg = Release|Any CPU
		{C255C301-87D5-4405-9702-9002E869A935}.Release|Any CPU.Build.0 = Release|Any CPU
		{27265E5D-9BE1-456F-96BB-770E690D29A5}.Debug|Any CPU.ActiveCfg = Debug|Any CPU
		{27265E5D-9BE1-456F-96BB-770E690D29A5}.Debug|Any CPU.Build.0 = Debug|Any CPU
		{27265E5D-9BE1-456F-96BB-770E690D29A5}.Release|Any CPU.ActiveCfg = Release|Any CPU
		{27265E5D-9BE1-456F-96BB-770E690D29A5}.Release|Any CPU.Build.0 = Release|Any CPU
		{FAB96EE7-B34F-47FC-AF96-9CC31AC7F8BC}.Debug|Any CPU.ActiveCfg = Debug|Any CPU
		{FAB96EE7-B34F-47FC-AF96-9CC31AC7F8BC}.Debug|Any CPU.Build.0 = Debug|Any CPU
		{FAB96EE7-B34F-47FC-AF96-9CC31AC7F8BC}.Release|Any CPU.ActiveCfg = Release|Any CPU
		{FAB96EE7-B34F-47FC-AF96-9CC31AC7F8BC}.Release|Any CPU.Build.0 = Release|Any CPU
		{F2848FAA-38A2-46ED-8E09-09428FEDAC50}.Debug|Any CPU.ActiveCfg = Debug|Any CPU
		{F2848FAA-38A2-46ED-8E09-09428FEDAC50}.Debug|Any CPU.Build.0 = Debug|Any CPU
		{F2848FAA-38A2-46ED-8E09-09428FEDAC50}.Release|Any CPU.ActiveCfg = Release|Any CPU
		{F2848FAA-38A2-46ED-8E09-09428FEDAC50}.Release|Any CPU.Build.0 = Release|Any CPU
		{AEA5A010-E8FE-42F3-9C4D-07EF380AFB65}.Debug|Any CPU.ActiveCfg = Debug|Any CPU
		{AEA5A010-E8FE-42F3-9C4D-07EF380AFB65}.Debug|Any CPU.Build.0 = Debug|Any CPU
		{AEA5A010-E8FE-42F3-9C4D-07EF380AFB65}.Release|Any CPU.ActiveCfg = Release|Any CPU
		{AEA5A010-E8FE-42F3-9C4D-07EF380AFB65}.Release|Any CPU.Build.0 = Release|Any CPU
		{13D91588-2449-434B-9FA8-EE5508F180B0}.Debug|Any CPU.ActiveCfg = Debug|Any CPU
		{13D91588-2449-434B-9FA8-EE5508F180B0}.Debug|Any CPU.Build.0 = Debug|Any CPU
		{13D91588-2449-434B-9FA8-EE5508F180B0}.Release|Any CPU.ActiveCfg = Release|Any CPU
		{13D91588-2449-434B-9FA8-EE5508F180B0}.Release|Any CPU.Build.0 = Release|Any CPU
		{09532E56-FA10-4647-8CCD-2909135E7E45}.Debug|Any CPU.ActiveCfg = Debug|Any CPU
		{09532E56-FA10-4647-8CCD-2909135E7E45}.Debug|Any CPU.Build.0 = Debug|Any CPU
		{09532E56-FA10-4647-8CCD-2909135E7E45}.Release|Any CPU.ActiveCfg = Release|Any CPU
		{09532E56-FA10-4647-8CCD-2909135E7E45}.Release|Any CPU.Build.0 = Release|Any CPU
		{34AA24F5-8836-4253-8B78-415BD293A820}.Debug|Any CPU.ActiveCfg = Debug|Any CPU
		{34AA24F5-8836-4253-8B78-415BD293A820}.Debug|Any CPU.Build.0 = Debug|Any CPU
		{34AA24F5-8836-4253-8B78-415BD293A820}.Release|Any CPU.ActiveCfg = Release|Any CPU
		{34AA24F5-8836-4253-8B78-415BD293A820}.Release|Any CPU.Build.0 = Release|Any CPU
		{449E24E9-0417-48D4-8671-88455579FE58}.Debug|Any CPU.ActiveCfg = Debug|Any CPU
		{449E24E9-0417-48D4-8671-88455579FE58}.Debug|Any CPU.Build.0 = Debug|Any CPU
		{449E24E9-0417-48D4-8671-88455579FE58}.Release|Any CPU.ActiveCfg = Release|Any CPU
		{449E24E9-0417-48D4-8671-88455579FE58}.Release|Any CPU.Build.0 = Release|Any CPU
		{C1F67BFC-F215-45C6-9CEE-9C20F15E87D0}.Debug|Any CPU.ActiveCfg = Debug|Any CPU
		{C1F67BFC-F215-45C6-9CEE-9C20F15E87D0}.Debug|Any CPU.Build.0 = Debug|Any CPU
		{C1F67BFC-F215-45C6-9CEE-9C20F15E87D0}.Release|Any CPU.ActiveCfg = Release|Any CPU
		{C1F67BFC-F215-45C6-9CEE-9C20F15E87D0}.Release|Any CPU.Build.0 = Release|Any CPU
		{4B0910BC-97DC-48E8-AC13-EDDF285951EA}.Debug|Any CPU.ActiveCfg = Debug|Any CPU
		{4B0910BC-97DC-48E8-AC13-EDDF285951EA}.Debug|Any CPU.Build.0 = Debug|Any CPU
		{4B0910BC-97DC-48E8-AC13-EDDF285951EA}.Release|Any CPU.ActiveCfg = Release|Any CPU
		{4B0910BC-97DC-48E8-AC13-EDDF285951EA}.Release|Any CPU.Build.0 = Release|Any CPU
		{C2C7719C-D169-4894-A8D8-6D60E698CA2D}.Debug|Any CPU.ActiveCfg = Debug|Any CPU
		{C2C7719C-D169-4894-A8D8-6D60E698CA2D}.Debug|Any CPU.Build.0 = Debug|Any CPU
		{C2C7719C-D169-4894-A8D8-6D60E698CA2D}.Release|Any CPU.ActiveCfg = Release|Any CPU
		{C2C7719C-D169-4894-A8D8-6D60E698CA2D}.Release|Any CPU.Build.0 = Release|Any CPU
		{4035A0B1-F751-48BB-B096-0CE88F428176}.Debug|Any CPU.ActiveCfg = Debug|Any CPU
		{4035A0B1-F751-48BB-B096-0CE88F428176}.Debug|Any CPU.Build.0 = Debug|Any CPU
		{4035A0B1-F751-48BB-B096-0CE88F428176}.Release|Any CPU.ActiveCfg = Release|Any CPU
		{4035A0B1-F751-48BB-B096-0CE88F428176}.Release|Any CPU.Build.0 = Release|Any CPU
		{5497B27C-1DD6-44DB-B102-BDAE516907CE}.Debug|Any CPU.ActiveCfg = Debug|Any CPU
		{5497B27C-1DD6-44DB-B102-BDAE516907CE}.Debug|Any CPU.Build.0 = Debug|Any CPU
		{5497B27C-1DD6-44DB-B102-BDAE516907CE}.Release|Any CPU.ActiveCfg = Release|Any CPU
		{5497B27C-1DD6-44DB-B102-BDAE516907CE}.Release|Any CPU.Build.0 = Release|Any CPU
		{7ECE3860-8695-4AAD-B89A-892983A2C797}.Debug|Any CPU.ActiveCfg = Debug|Any CPU
		{7ECE3860-8695-4AAD-B89A-892983A2C797}.Debug|Any CPU.Build.0 = Debug|Any CPU
		{7ECE3860-8695-4AAD-B89A-892983A2C797}.Release|Any CPU.ActiveCfg = Release|Any CPU
		{7ECE3860-8695-4AAD-B89A-892983A2C797}.Release|Any CPU.Build.0 = Release|Any CPU
		{D9E1F7BD-4A94-4C32-B02E-D808B09D92DF}.Debug|Any CPU.ActiveCfg = Debug|Any CPU
		{D9E1F7BD-4A94-4C32-B02E-D808B09D92DF}.Debug|Any CPU.Build.0 = Debug|Any CPU
		{D9E1F7BD-4A94-4C32-B02E-D808B09D92DF}.Release|Any CPU.ActiveCfg = Release|Any CPU
		{D9E1F7BD-4A94-4C32-B02E-D808B09D92DF}.Release|Any CPU.Build.0 = Release|Any CPU
		{AD2B3E74-E89B-4B0A-AABC-9BA5A115FB37}.Debug|Any CPU.ActiveCfg = Debug|Any CPU
		{AD2B3E74-E89B-4B0A-AABC-9BA5A115FB37}.Debug|Any CPU.Build.0 = Debug|Any CPU
		{AD2B3E74-E89B-4B0A-AABC-9BA5A115FB37}.Release|Any CPU.ActiveCfg = Release|Any CPU
		{AD2B3E74-E89B-4B0A-AABC-9BA5A115FB37}.Release|Any CPU.Build.0 = Release|Any CPU
		{87796BC1-1466-44D7-8F5E-04EEC8832860}.Debug|Any CPU.ActiveCfg = Debug|Any CPU
		{87796BC1-1466-44D7-8F5E-04EEC8832860}.Debug|Any CPU.Build.0 = Debug|Any CPU
		{87796BC1-1466-44D7-8F5E-04EEC8832860}.Release|Any CPU.ActiveCfg = Release|Any CPU
		{87796BC1-1466-44D7-8F5E-04EEC8832860}.Release|Any CPU.Build.0 = Release|Any CPU
		{5E13AE67-7C69-4697-B54E-DAA5707ECB39}.Debug|Any CPU.ActiveCfg = Debug|Any CPU
		{5E13AE67-7C69-4697-B54E-DAA5707ECB39}.Debug|Any CPU.Build.0 = Debug|Any CPU
		{5E13AE67-7C69-4697-B54E-DAA5707ECB39}.Release|Any CPU.ActiveCfg = Release|Any CPU
		{5E13AE67-7C69-4697-B54E-DAA5707ECB39}.Release|Any CPU.Build.0 = Release|Any CPU
	EndGlobalSection
	GlobalSection(SolutionProperties) = preSolution
		HideSolutionNode = FALSE
	EndGlobalSection
	GlobalSection(NestedProjects) = preSolution
		{57FEFE74-6578-4B99-A416-AAE694F37ADC} = {D122B058-6E18-4DD4-AEFD-23BBB17BD77E}
		{C255C301-87D5-4405-9702-9002E869A935} = {D122B058-6E18-4DD4-AEFD-23BBB17BD77E}
		{27265E5D-9BE1-456F-96BB-770E690D29A5} = {D122B058-6E18-4DD4-AEFD-23BBB17BD77E}
		{FAB96EE7-B34F-47FC-AF96-9CC31AC7F8BC} = {D122B058-6E18-4DD4-AEFD-23BBB17BD77E}
		{D122B058-6E18-4DD4-AEFD-23BBB17BD77E} = {6DD42321-41AA-4C24-9DE3-894E6129F02C}
		{F2848FAA-38A2-46ED-8E09-09428FEDAC50} = {D122B058-6E18-4DD4-AEFD-23BBB17BD77E}
		{AEA5A010-E8FE-42F3-9C4D-07EF380AFB65} = {D122B058-6E18-4DD4-AEFD-23BBB17BD77E}
		{13D91588-2449-434B-9FA8-EE5508F180B0} = {D122B058-6E18-4DD4-AEFD-23BBB17BD77E}
		{09532E56-FA10-4647-8CCD-2909135E7E45} = {D122B058-6E18-4DD4-AEFD-23BBB17BD77E}
		{34AA24F5-8836-4253-8B78-415BD293A820} = {D122B058-6E18-4DD4-AEFD-23BBB17BD77E}
		{449E24E9-0417-48D4-8671-88455579FE58} = {D122B058-6E18-4DD4-AEFD-23BBB17BD77E}
		{C1F67BFC-F215-45C6-9CEE-9C20F15E87D0} = {D122B058-6E18-4DD4-AEFD-23BBB17BD77E}
		{4B0910BC-97DC-48E8-AC13-EDDF285951EA} = {D122B058-6E18-4DD4-AEFD-23BBB17BD77E}
		{C2C7719C-D169-4894-A8D8-6D60E698CA2D} = {D122B058-6E18-4DD4-AEFD-23BBB17BD77E}
		{4035A0B1-F751-48BB-B096-0CE88F428176} = {D122B058-6E18-4DD4-AEFD-23BBB17BD77E}
		{5497B27C-1DD6-44DB-B102-BDAE516907CE} = {479AB34A-6B7E-4B99-9D03-7261E7FA54BC}
		{7ECE3860-8695-4AAD-B89A-892983A2C797} = {A7DDEA4F-DF73-4733-BA55-A1E6635CF7E4}
		{D9E1F7BD-4A94-4C32-B02E-D808B09D92DF} = {A7DDEA4F-DF73-4733-BA55-A1E6635CF7E4}
		{AD2B3E74-E89B-4B0A-AABC-9BA5A115FB37} = {A7DDEA4F-DF73-4733-BA55-A1E6635CF7E4}
		{87796BC1-1466-44D7-8F5E-04EEC8832860} = {A7DDEA4F-DF73-4733-BA55-A1E6635CF7E4}
		{5E13AE67-7C69-4697-B54E-DAA5707ECB39} = {D122B058-6E18-4DD4-AEFD-23BBB17BD77E}
	EndGlobalSection
	GlobalSection(ExtensibilityGlobals) = postSolution
		SolutionGuid = {5F6C39E9-D325-420F-BD89-2FC9F9CBF945}
	EndGlobalSection
EndGlobal
