
Microsoft Visual Studio Solution File, Format Version 12.00
# Visual Studio Version 16
VisualStudioVersion = 16.0.30621.155
MinimumVisualStudioVersion = 10.0.40219.1
Project("{2150E333-8FDC-42A3-9474-1A3956D46DE8}") = "ITI", "ITI", "{8EE9D213-AF48-495E-B5E7-154C8FCA77E8}"
EndProject
Project("{2150E333-8FDC-42A3-9474-1A3956D46DE8}") = "DDD", "DDD", "{C6565177-7BFC-4B3E-A2C5-3FD0E1401096}"
EndProject
Project("{9A19103F-16F7-4668-BE54-9A1E7A4F7556}") = "UnitTests", "Tests\UnitTests\UnitTests.csproj", "{83B59572-A193-47BE-A64E-461EF934C2D0}"
EndProject
Project("{2150E333-8FDC-42A3-9474-1A3956D46DE8}") = "Tests", "Tests", "{377CB845-C49D-4DCC-85B6-DE46E76A4652}"
EndProject
Project("{9A19103F-16F7-4668-BE54-9A1E7A4F7556}") = "Logging", "ITI\DDD\Logging\Logging.csproj", "{6D70E30E-2770-4475-9F4F-9015AB1EE44A}"
EndProject
Project("{9A19103F-16F7-4668-BE54-9A1E7A4F7556}") = "Auth", "ITI\DDD\Auth\Auth.csproj", "{99904D13-139C-44D3-8296-8E8A11A20293}"
EndProject
Project("{9A19103F-16F7-4668-BE54-9A1E7A4F7556}") = "Core", "ITI\DDD\Core\Core.csproj", "{9B9B2EC0-BA6F-495B-B805-579B81E5C033}"
EndProject
Project("{9A19103F-16F7-4668-BE54-9A1E7A4F7556}") = "Application", "ITI\DDD\Application\Application.csproj", "{A869CD0F-38DE-4D86-AF49-C804314C7F38}"
EndProject
Project("{9A19103F-16F7-4668-BE54-9A1E7A4F7556}") = "Domain", "ITI\DDD\Domain\Domain.csproj", "{AF3398BE-50AA-4A10-B52E-D2268CE56A69}"
EndProject
Project("{9A19103F-16F7-4668-BE54-9A1E7A4F7556}") = "Infrastructure", "ITI\DDD\Infrastructure\Infrastructure.csproj", "{B12A9FBB-AA58-4DFF-B4CA-3EB444A58293}"
EndProject
Project("{2150E333-8FDC-42A3-9474-1A3956D46DE8}") = "Baseline", "Baseline", "{4B8C931E-9571-4920-A64A-A2A4F05BB685}"
EndProject
Project("{9A19103F-16F7-4668-BE54-9A1E7A4F7556}") = "TestApp", "Tests\TestApp\TestApp.csproj", "{68D9061D-B6BC-4E88-8496-52878E1DD5E1}"
EndProject
Project("{9A19103F-16F7-4668-BE54-9A1E7A4F7556}") = "Util", "ITI\Baseline\Util\Util.csproj", "{2DF0D5AD-430E-4084-B097-2ADC71D82403}"
EndProject
Project("{9A19103F-16F7-4668-BE54-9A1E7A4F7556}") = "IntegrationTests", "Tests\IntegrationTests\IntegrationTests.csproj", "{E6499B27-E34A-480F-B0B3-C586FB688FD4}"
EndProject
Project("{9A19103F-16F7-4668-BE54-9A1E7A4F7556}") = "Passwords", "ITI\Baseline\Passwords\Passwords.csproj", "{0908925E-738E-47C4-B9FB-02693F4E25CD}"
EndProject
Project("{9A19103F-16F7-4668-BE54-9A1E7A4F7556}") = "ValueObjects", "ITI\Baseline\ValueObjects\ValueObjects.csproj", "{A70E7894-A7FF-4276-9ABC-62521B6DEC31}"
EndProject
Project("{FAE04EC0-301F-11D3-BF4B-00C04F79EFBC}") = "Audit", "ITI\Baseline\Audit\Audit.csproj", "{C1C477CF-919B-47E0-B044-3B3586508FFB}"
EndProject
Global
	GlobalSection(SolutionConfigurationPlatforms) = preSolution
		Debug|Any CPU = Debug|Any CPU
		Release|Any CPU = Release|Any CPU
	EndGlobalSection
	GlobalSection(ProjectConfigurationPlatforms) = postSolution
		{83B59572-A193-47BE-A64E-461EF934C2D0}.Debug|Any CPU.ActiveCfg = Debug|Any CPU
		{83B59572-A193-47BE-A64E-461EF934C2D0}.Debug|Any CPU.Build.0 = Debug|Any CPU
		{83B59572-A193-47BE-A64E-461EF934C2D0}.Release|Any CPU.ActiveCfg = Release|Any CPU
		{83B59572-A193-47BE-A64E-461EF934C2D0}.Release|Any CPU.Build.0 = Release|Any CPU
		{6D70E30E-2770-4475-9F4F-9015AB1EE44A}.Debug|Any CPU.ActiveCfg = Debug|Any CPU
		{6D70E30E-2770-4475-9F4F-9015AB1EE44A}.Debug|Any CPU.Build.0 = Debug|Any CPU
		{6D70E30E-2770-4475-9F4F-9015AB1EE44A}.Release|Any CPU.ActiveCfg = Release|Any CPU
		{6D70E30E-2770-4475-9F4F-9015AB1EE44A}.Release|Any CPU.Build.0 = Release|Any CPU
		{99904D13-139C-44D3-8296-8E8A11A20293}.Debug|Any CPU.ActiveCfg = Debug|Any CPU
		{99904D13-139C-44D3-8296-8E8A11A20293}.Debug|Any CPU.Build.0 = Debug|Any CPU
		{99904D13-139C-44D3-8296-8E8A11A20293}.Release|Any CPU.ActiveCfg = Release|Any CPU
		{99904D13-139C-44D3-8296-8E8A11A20293}.Release|Any CPU.Build.0 = Release|Any CPU
		{9B9B2EC0-BA6F-495B-B805-579B81E5C033}.Debug|Any CPU.ActiveCfg = Debug|Any CPU
		{9B9B2EC0-BA6F-495B-B805-579B81E5C033}.Debug|Any CPU.Build.0 = Debug|Any CPU
		{9B9B2EC0-BA6F-495B-B805-579B81E5C033}.Release|Any CPU.ActiveCfg = Release|Any CPU
		{9B9B2EC0-BA6F-495B-B805-579B81E5C033}.Release|Any CPU.Build.0 = Release|Any CPU
		{A869CD0F-38DE-4D86-AF49-C804314C7F38}.Debug|Any CPU.ActiveCfg = Debug|Any CPU
		{A869CD0F-38DE-4D86-AF49-C804314C7F38}.Debug|Any CPU.Build.0 = Debug|Any CPU
		{A869CD0F-38DE-4D86-AF49-C804314C7F38}.Release|Any CPU.ActiveCfg = Release|Any CPU
		{A869CD0F-38DE-4D86-AF49-C804314C7F38}.Release|Any CPU.Build.0 = Release|Any CPU
		{AF3398BE-50AA-4A10-B52E-D2268CE56A69}.Debug|Any CPU.ActiveCfg = Debug|Any CPU
		{AF3398BE-50AA-4A10-B52E-D2268CE56A69}.Debug|Any CPU.Build.0 = Debug|Any CPU
		{AF3398BE-50AA-4A10-B52E-D2268CE56A69}.Release|Any CPU.ActiveCfg = Release|Any CPU
		{AF3398BE-50AA-4A10-B52E-D2268CE56A69}.Release|Any CPU.Build.0 = Release|Any CPU
		{B12A9FBB-AA58-4DFF-B4CA-3EB444A58293}.Debug|Any CPU.ActiveCfg = Debug|Any CPU
		{B12A9FBB-AA58-4DFF-B4CA-3EB444A58293}.Debug|Any CPU.Build.0 = Debug|Any CPU
		{B12A9FBB-AA58-4DFF-B4CA-3EB444A58293}.Release|Any CPU.ActiveCfg = Release|Any CPU
		{B12A9FBB-AA58-4DFF-B4CA-3EB444A58293}.Release|Any CPU.Build.0 = Release|Any CPU
		{68D9061D-B6BC-4E88-8496-52878E1DD5E1}.Debug|Any CPU.ActiveCfg = Debug|Any CPU
		{68D9061D-B6BC-4E88-8496-52878E1DD5E1}.Debug|Any CPU.Build.0 = Debug|Any CPU
		{68D9061D-B6BC-4E88-8496-52878E1DD5E1}.Release|Any CPU.ActiveCfg = Release|Any CPU
		{68D9061D-B6BC-4E88-8496-52878E1DD5E1}.Release|Any CPU.Build.0 = Release|Any CPU
		{2DF0D5AD-430E-4084-B097-2ADC71D82403}.Debug|Any CPU.ActiveCfg = Debug|Any CPU
		{2DF0D5AD-430E-4084-B097-2ADC71D82403}.Debug|Any CPU.Build.0 = Debug|Any CPU
		{2DF0D5AD-430E-4084-B097-2ADC71D82403}.Release|Any CPU.ActiveCfg = Release|Any CPU
		{2DF0D5AD-430E-4084-B097-2ADC71D82403}.Release|Any CPU.Build.0 = Release|Any CPU
		{E6499B27-E34A-480F-B0B3-C586FB688FD4}.Debug|Any CPU.ActiveCfg = Debug|Any CPU
		{E6499B27-E34A-480F-B0B3-C586FB688FD4}.Debug|Any CPU.Build.0 = Debug|Any CPU
		{E6499B27-E34A-480F-B0B3-C586FB688FD4}.Release|Any CPU.ActiveCfg = Release|Any CPU
		{E6499B27-E34A-480F-B0B3-C586FB688FD4}.Release|Any CPU.Build.0 = Release|Any CPU
		{0908925E-738E-47C4-B9FB-02693F4E25CD}.Debug|Any CPU.ActiveCfg = Debug|Any CPU
		{0908925E-738E-47C4-B9FB-02693F4E25CD}.Debug|Any CPU.Build.0 = Debug|Any CPU
		{0908925E-738E-47C4-B9FB-02693F4E25CD}.Release|Any CPU.ActiveCfg = Release|Any CPU
		{0908925E-738E-47C4-B9FB-02693F4E25CD}.Release|Any CPU.Build.0 = Release|Any CPU
		{A70E7894-A7FF-4276-9ABC-62521B6DEC31}.Debug|Any CPU.ActiveCfg = Debug|Any CPU
		{A70E7894-A7FF-4276-9ABC-62521B6DEC31}.Debug|Any CPU.Build.0 = Debug|Any CPU
		{A70E7894-A7FF-4276-9ABC-62521B6DEC31}.Release|Any CPU.ActiveCfg = Release|Any CPU
		{A70E7894-A7FF-4276-9ABC-62521B6DEC31}.Release|Any CPU.Build.0 = Release|Any CPU
		{C1C477CF-919B-47E0-B044-3B3586508FFB}.Debug|Any CPU.ActiveCfg = Debug|Any CPU
		{C1C477CF-919B-47E0-B044-3B3586508FFB}.Debug|Any CPU.Build.0 = Debug|Any CPU
		{C1C477CF-919B-47E0-B044-3B3586508FFB}.Release|Any CPU.ActiveCfg = Release|Any CPU
		{C1C477CF-919B-47E0-B044-3B3586508FFB}.Release|Any CPU.Build.0 = Release|Any CPU
	EndGlobalSection
	GlobalSection(SolutionProperties) = preSolution
		HideSolutionNode = FALSE
	EndGlobalSection
	GlobalSection(NestedProjects) = preSolution
		{C6565177-7BFC-4B3E-A2C5-3FD0E1401096} = {8EE9D213-AF48-495E-B5E7-154C8FCA77E8}
		{83B59572-A193-47BE-A64E-461EF934C2D0} = {377CB845-C49D-4DCC-85B6-DE46E76A4652}
		{6D70E30E-2770-4475-9F4F-9015AB1EE44A} = {C6565177-7BFC-4B3E-A2C5-3FD0E1401096}
		{99904D13-139C-44D3-8296-8E8A11A20293} = {C6565177-7BFC-4B3E-A2C5-3FD0E1401096}
		{9B9B2EC0-BA6F-495B-B805-579B81E5C033} = {C6565177-7BFC-4B3E-A2C5-3FD0E1401096}
		{A869CD0F-38DE-4D86-AF49-C804314C7F38} = {C6565177-7BFC-4B3E-A2C5-3FD0E1401096}
		{AF3398BE-50AA-4A10-B52E-D2268CE56A69} = {C6565177-7BFC-4B3E-A2C5-3FD0E1401096}
		{B12A9FBB-AA58-4DFF-B4CA-3EB444A58293} = {C6565177-7BFC-4B3E-A2C5-3FD0E1401096}
		{4B8C931E-9571-4920-A64A-A2A4F05BB685} = {8EE9D213-AF48-495E-B5E7-154C8FCA77E8}
		{68D9061D-B6BC-4E88-8496-52878E1DD5E1} = {377CB845-C49D-4DCC-85B6-DE46E76A4652}
		{2DF0D5AD-430E-4084-B097-2ADC71D82403} = {4B8C931E-9571-4920-A64A-A2A4F05BB685}
		{E6499B27-E34A-480F-B0B3-C586FB688FD4} = {377CB845-C49D-4DCC-85B6-DE46E76A4652}
		{0908925E-738E-47C4-B9FB-02693F4E25CD} = {4B8C931E-9571-4920-A64A-A2A4F05BB685}
		{A70E7894-A7FF-4276-9ABC-62521B6DEC31} = {4B8C931E-9571-4920-A64A-A2A4F05BB685}
		{C1C477CF-919B-47E0-B044-3B3586508FFB} = {4B8C931E-9571-4920-A64A-A2A4F05BB685}
	EndGlobalSection
	GlobalSection(ExtensibilityGlobals) = postSolution
		SolutionGuid = {78A81A9B-7673-4707-8E17-EC64CD4F73AC}
	EndGlobalSection
EndGlobal
