
Microsoft Visual Studio Solution File, Format Version 12.00
# Visual Studio 15
VisualStudioVersion = 15.0.27703.2026
MinimumVisualStudioVersion = 10.0.40219.1
Project("{2150E333-8FDC-42A3-9474-1A3956D46DE8}") = "Baseline", "Baseline", "{97BB7539-7827-484A-BD90-4FFA97CBB02B}"
EndProject
Project("{2150E333-8FDC-42A3-9474-1A3956D46DE8}") = "SampleApp", "SampleApp", "{6C98D589-92F7-47D9-85F1-D19403EA6599}"
EndProject
Project("{2150E333-8FDC-42A3-9474-1A3956D46DE8}") = "Tests", "Tests", "{DFDAE58F-9B59-4FEE-8779-6D1C0F9BE514}"
EndProject
Project("{FAE04EC0-301F-11D3-BF4B-00C04F79EFBC}") = "Iti.Auth", "Baseline\Iti.Auth\Iti.Auth.csproj", "{99CBDC91-57D5-4A07-9697-73153CF05144}"
EndProject
Project("{FAE04EC0-301F-11D3-BF4B-00C04F79EFBC}") = "Iti.Core", "Baseline\Iti.Core\Iti.Core.csproj", "{EC19D5E7-FF7C-41EF-9800-5D89BB21BABA}"
EndProject
Project("{FAE04EC0-301F-11D3-BF4B-00C04F79EFBC}") = "Iti.Email", "Baseline\Iti.Email\Iti.Email.csproj", "{0F87B3FC-D4E1-4BE2-95A4-61AE490484F1}"
EndProject
Project("{FAE04EC0-301F-11D3-BF4B-00C04F79EFBC}") = "Iti.Inversion", "Baseline\Iti.Inversion\Iti.Inversion.csproj", "{7D6EEE26-1091-4960-9254-08FAFDB3EB63}"
EndProject
Project("{FAE04EC0-301F-11D3-BF4B-00C04F79EFBC}") = "Iti.Logging", "Baseline\Iti.Logging\Iti.Logging.csproj", "{419F8117-B6F4-4D9E-ACDF-D4E042601994}"
EndProject
Project("{FAE04EC0-301F-11D3-BF4B-00C04F79EFBC}") = "Iti.Logging.Job", "Baseline\Iti.Logging.Job\Iti.Logging.Job.csproj", "{80347013-C2A0-480F-8D6D-2D20FC9CCCFA}"
EndProject
Project("{FAE04EC0-301F-11D3-BF4B-00C04F79EFBC}") = "Iti.Sms", "Baseline\Iti.Sms\Iti.Sms.csproj", "{47FF4856-B936-4AC9-97AE-9B56B6B11A6E}"
EndProject
Project("{FAE04EC0-301F-11D3-BF4B-00C04F79EFBC}") = "Iti.Utilities", "Baseline\Iti.Utilities\Iti.Utilities.csproj", "{5468D93C-5AE7-4041-A6AE-B881CD1FEFE4}"
EndProject
Project("{FAE04EC0-301F-11D3-BF4B-00C04F79EFBC}") = "Iti.ValueObjects", "Baseline\Iti.ValueObjects\Iti.ValueObjects.csproj", "{906759AF-D61B-46BA-A181-F3E3F013BADA}"
EndProject
Project("{FAE04EC0-301F-11D3-BF4B-00C04F79EFBC}") = "AppConfig", "SampleApp\AppConfig\AppConfig.csproj", "{936FAE79-DE92-419E-BD28-2331C2F38EA1}"
EndProject
Project("{FAE04EC0-301F-11D3-BF4B-00C04F79EFBC}") = "Domain", "SampleApp\Domain\Domain.csproj", "{45DD7AF8-F73A-42DD-994D-A0DEB3264F3C}"
EndProject
Project("{FAE04EC0-301F-11D3-BF4B-00C04F79EFBC}") = "DataContext", "SampleApp\DataContext\DataContext.csproj", "{0EF0F84B-6572-486F-9F9F-3AD9AB97432E}"
EndProject
Project("{FAE04EC0-301F-11D3-BF4B-00C04F79EFBC}") = "SampleApp", "SampleApp\SampleApp\SampleApp.csproj", "{5A633494-D840-4481-9A97-BF93B0455234}"
EndProject
Project("{FAE04EC0-301F-11D3-BF4B-00C04F79EFBC}") = "CoreTests", "Tests\CoreTests\CoreTests.csproj", "{C46B76A5-620B-4097-860D-1639A088B46E}"
EndProject
Project("{FAE04EC0-301F-11D3-BF4B-00C04F79EFBC}") = "Iti.Passwords", "Baseline\Iti.Passwords\Iti.Passwords.csproj", "{11E9369D-4328-4A69-B64D-B5F28423C207}"
EndProject
Project("{FAE04EC0-301F-11D3-BF4B-00C04F79EFBC}") = "Iti.Exceptions", "Baseline\Iti.Exceptions\Iti.Exceptions.csproj", "{1F870394-F389-4BD4-8BD7-A95355622F59}"
EndProject
Project("{FAE04EC0-301F-11D3-BF4B-00C04F79EFBC}") = "Iti.AuthService", "Baseline\Iti.AuthService\Iti.AuthService.csproj", "{E42B7494-EB5F-4E1F-ACBC-34AC070EAE99}"
EndProject
Project("{FAE04EC0-301F-11D3-BF4B-00C04F79EFBC}") = "Iti.Geolocation", "Baseline\Iti.Geolocation\Iti.Geolocation.csproj", "{BDFA55D4-D84A-4BF5-8719-35E5B8073F54}"
EndProject
Global
	GlobalSection(SolutionConfigurationPlatforms) = preSolution
		Debug|Any CPU = Debug|Any CPU
		Release|Any CPU = Release|Any CPU
	EndGlobalSection
	GlobalSection(ProjectConfigurationPlatforms) = postSolution
		{99CBDC91-57D5-4A07-9697-73153CF05144}.Debug|Any CPU.ActiveCfg = Debug|Any CPU
		{99CBDC91-57D5-4A07-9697-73153CF05144}.Debug|Any CPU.Build.0 = Debug|Any CPU
		{99CBDC91-57D5-4A07-9697-73153CF05144}.Release|Any CPU.ActiveCfg = Release|Any CPU
		{99CBDC91-57D5-4A07-9697-73153CF05144}.Release|Any CPU.Build.0 = Release|Any CPU
		{EC19D5E7-FF7C-41EF-9800-5D89BB21BABA}.Debug|Any CPU.ActiveCfg = Debug|Any CPU
		{EC19D5E7-FF7C-41EF-9800-5D89BB21BABA}.Debug|Any CPU.Build.0 = Debug|Any CPU
		{EC19D5E7-FF7C-41EF-9800-5D89BB21BABA}.Release|Any CPU.ActiveCfg = Release|Any CPU
		{EC19D5E7-FF7C-41EF-9800-5D89BB21BABA}.Release|Any CPU.Build.0 = Release|Any CPU
		{0F87B3FC-D4E1-4BE2-95A4-61AE490484F1}.Debug|Any CPU.ActiveCfg = Debug|Any CPU
		{0F87B3FC-D4E1-4BE2-95A4-61AE490484F1}.Debug|Any CPU.Build.0 = Debug|Any CPU
		{0F87B3FC-D4E1-4BE2-95A4-61AE490484F1}.Release|Any CPU.ActiveCfg = Release|Any CPU
		{0F87B3FC-D4E1-4BE2-95A4-61AE490484F1}.Release|Any CPU.Build.0 = Release|Any CPU
		{7D6EEE26-1091-4960-9254-08FAFDB3EB63}.Debug|Any CPU.ActiveCfg = Debug|Any CPU
		{7D6EEE26-1091-4960-9254-08FAFDB3EB63}.Debug|Any CPU.Build.0 = Debug|Any CPU
		{7D6EEE26-1091-4960-9254-08FAFDB3EB63}.Release|Any CPU.ActiveCfg = Release|Any CPU
		{7D6EEE26-1091-4960-9254-08FAFDB3EB63}.Release|Any CPU.Build.0 = Release|Any CPU
		{419F8117-B6F4-4D9E-ACDF-D4E042601994}.Debug|Any CPU.ActiveCfg = Debug|Any CPU
		{419F8117-B6F4-4D9E-ACDF-D4E042601994}.Debug|Any CPU.Build.0 = Debug|Any CPU
		{419F8117-B6F4-4D9E-ACDF-D4E042601994}.Release|Any CPU.ActiveCfg = Release|Any CPU
		{419F8117-B6F4-4D9E-ACDF-D4E042601994}.Release|Any CPU.Build.0 = Release|Any CPU
		{80347013-C2A0-480F-8D6D-2D20FC9CCCFA}.Debug|Any CPU.ActiveCfg = Debug|Any CPU
		{80347013-C2A0-480F-8D6D-2D20FC9CCCFA}.Debug|Any CPU.Build.0 = Debug|Any CPU
		{80347013-C2A0-480F-8D6D-2D20FC9CCCFA}.Release|Any CPU.ActiveCfg = Release|Any CPU
		{80347013-C2A0-480F-8D6D-2D20FC9CCCFA}.Release|Any CPU.Build.0 = Release|Any CPU
		{47FF4856-B936-4AC9-97AE-9B56B6B11A6E}.Debug|Any CPU.ActiveCfg = Debug|Any CPU
		{47FF4856-B936-4AC9-97AE-9B56B6B11A6E}.Debug|Any CPU.Build.0 = Debug|Any CPU
		{47FF4856-B936-4AC9-97AE-9B56B6B11A6E}.Release|Any CPU.ActiveCfg = Release|Any CPU
		{47FF4856-B936-4AC9-97AE-9B56B6B11A6E}.Release|Any CPU.Build.0 = Release|Any CPU
		{5468D93C-5AE7-4041-A6AE-B881CD1FEFE4}.Debug|Any CPU.ActiveCfg = Debug|Any CPU
		{5468D93C-5AE7-4041-A6AE-B881CD1FEFE4}.Debug|Any CPU.Build.0 = Debug|Any CPU
		{5468D93C-5AE7-4041-A6AE-B881CD1FEFE4}.Release|Any CPU.ActiveCfg = Release|Any CPU
		{5468D93C-5AE7-4041-A6AE-B881CD1FEFE4}.Release|Any CPU.Build.0 = Release|Any CPU
		{906759AF-D61B-46BA-A181-F3E3F013BADA}.Debug|Any CPU.ActiveCfg = Debug|Any CPU
		{906759AF-D61B-46BA-A181-F3E3F013BADA}.Debug|Any CPU.Build.0 = Debug|Any CPU
		{906759AF-D61B-46BA-A181-F3E3F013BADA}.Release|Any CPU.ActiveCfg = Release|Any CPU
		{906759AF-D61B-46BA-A181-F3E3F013BADA}.Release|Any CPU.Build.0 = Release|Any CPU
		{936FAE79-DE92-419E-BD28-2331C2F38EA1}.Debug|Any CPU.ActiveCfg = Debug|Any CPU
		{936FAE79-DE92-419E-BD28-2331C2F38EA1}.Debug|Any CPU.Build.0 = Debug|Any CPU
		{936FAE79-DE92-419E-BD28-2331C2F38EA1}.Release|Any CPU.ActiveCfg = Release|Any CPU
		{936FAE79-DE92-419E-BD28-2331C2F38EA1}.Release|Any CPU.Build.0 = Release|Any CPU
		{45DD7AF8-F73A-42DD-994D-A0DEB3264F3C}.Debug|Any CPU.ActiveCfg = Debug|Any CPU
		{45DD7AF8-F73A-42DD-994D-A0DEB3264F3C}.Debug|Any CPU.Build.0 = Debug|Any CPU
		{45DD7AF8-F73A-42DD-994D-A0DEB3264F3C}.Release|Any CPU.ActiveCfg = Release|Any CPU
		{45DD7AF8-F73A-42DD-994D-A0DEB3264F3C}.Release|Any CPU.Build.0 = Release|Any CPU
		{0EF0F84B-6572-486F-9F9F-3AD9AB97432E}.Debug|Any CPU.ActiveCfg = Debug|Any CPU
		{0EF0F84B-6572-486F-9F9F-3AD9AB97432E}.Debug|Any CPU.Build.0 = Debug|Any CPU
		{0EF0F84B-6572-486F-9F9F-3AD9AB97432E}.Release|Any CPU.ActiveCfg = Release|Any CPU
		{0EF0F84B-6572-486F-9F9F-3AD9AB97432E}.Release|Any CPU.Build.0 = Release|Any CPU
		{5A633494-D840-4481-9A97-BF93B0455234}.Debug|Any CPU.ActiveCfg = Debug|Any CPU
		{5A633494-D840-4481-9A97-BF93B0455234}.Debug|Any CPU.Build.0 = Debug|Any CPU
		{5A633494-D840-4481-9A97-BF93B0455234}.Release|Any CPU.ActiveCfg = Release|Any CPU
		{5A633494-D840-4481-9A97-BF93B0455234}.Release|Any CPU.Build.0 = Release|Any CPU
		{C46B76A5-620B-4097-860D-1639A088B46E}.Debug|Any CPU.ActiveCfg = Debug|Any CPU
		{C46B76A5-620B-4097-860D-1639A088B46E}.Debug|Any CPU.Build.0 = Debug|Any CPU
		{C46B76A5-620B-4097-860D-1639A088B46E}.Release|Any CPU.ActiveCfg = Release|Any CPU
		{C46B76A5-620B-4097-860D-1639A088B46E}.Release|Any CPU.Build.0 = Release|Any CPU
		{11E9369D-4328-4A69-B64D-B5F28423C207}.Debug|Any CPU.ActiveCfg = Debug|Any CPU
		{11E9369D-4328-4A69-B64D-B5F28423C207}.Debug|Any CPU.Build.0 = Debug|Any CPU
		{11E9369D-4328-4A69-B64D-B5F28423C207}.Release|Any CPU.ActiveCfg = Release|Any CPU
		{11E9369D-4328-4A69-B64D-B5F28423C207}.Release|Any CPU.Build.0 = Release|Any CPU
		{1F870394-F389-4BD4-8BD7-A95355622F59}.Debug|Any CPU.ActiveCfg = Debug|Any CPU
		{1F870394-F389-4BD4-8BD7-A95355622F59}.Debug|Any CPU.Build.0 = Debug|Any CPU
		{1F870394-F389-4BD4-8BD7-A95355622F59}.Release|Any CPU.ActiveCfg = Release|Any CPU
		{1F870394-F389-4BD4-8BD7-A95355622F59}.Release|Any CPU.Build.0 = Release|Any CPU
		{E42B7494-EB5F-4E1F-ACBC-34AC070EAE99}.Debug|Any CPU.ActiveCfg = Debug|Any CPU
		{E42B7494-EB5F-4E1F-ACBC-34AC070EAE99}.Debug|Any CPU.Build.0 = Debug|Any CPU
		{E42B7494-EB5F-4E1F-ACBC-34AC070EAE99}.Release|Any CPU.ActiveCfg = Release|Any CPU
		{E42B7494-EB5F-4E1F-ACBC-34AC070EAE99}.Release|Any CPU.Build.0 = Release|Any CPU
		{BDFA55D4-D84A-4BF5-8719-35E5B8073F54}.Debug|Any CPU.ActiveCfg = Debug|Any CPU
		{BDFA55D4-D84A-4BF5-8719-35E5B8073F54}.Debug|Any CPU.Build.0 = Debug|Any CPU
		{BDFA55D4-D84A-4BF5-8719-35E5B8073F54}.Release|Any CPU.ActiveCfg = Release|Any CPU
		{BDFA55D4-D84A-4BF5-8719-35E5B8073F54}.Release|Any CPU.Build.0 = Release|Any CPU
	EndGlobalSection
	GlobalSection(SolutionProperties) = preSolution
		HideSolutionNode = FALSE
	EndGlobalSection
	GlobalSection(NestedProjects) = preSolution
		{99CBDC91-57D5-4A07-9697-73153CF05144} = {97BB7539-7827-484A-BD90-4FFA97CBB02B}
		{EC19D5E7-FF7C-41EF-9800-5D89BB21BABA} = {97BB7539-7827-484A-BD90-4FFA97CBB02B}
		{0F87B3FC-D4E1-4BE2-95A4-61AE490484F1} = {97BB7539-7827-484A-BD90-4FFA97CBB02B}
		{7D6EEE26-1091-4960-9254-08FAFDB3EB63} = {97BB7539-7827-484A-BD90-4FFA97CBB02B}
		{419F8117-B6F4-4D9E-ACDF-D4E042601994} = {97BB7539-7827-484A-BD90-4FFA97CBB02B}
		{80347013-C2A0-480F-8D6D-2D20FC9CCCFA} = {97BB7539-7827-484A-BD90-4FFA97CBB02B}
		{47FF4856-B936-4AC9-97AE-9B56B6B11A6E} = {97BB7539-7827-484A-BD90-4FFA97CBB02B}
		{5468D93C-5AE7-4041-A6AE-B881CD1FEFE4} = {97BB7539-7827-484A-BD90-4FFA97CBB02B}
		{906759AF-D61B-46BA-A181-F3E3F013BADA} = {97BB7539-7827-484A-BD90-4FFA97CBB02B}
		{936FAE79-DE92-419E-BD28-2331C2F38EA1} = {6C98D589-92F7-47D9-85F1-D19403EA6599}
		{45DD7AF8-F73A-42DD-994D-A0DEB3264F3C} = {6C98D589-92F7-47D9-85F1-D19403EA6599}
		{0EF0F84B-6572-486F-9F9F-3AD9AB97432E} = {6C98D589-92F7-47D9-85F1-D19403EA6599}
		{5A633494-D840-4481-9A97-BF93B0455234} = {6C98D589-92F7-47D9-85F1-D19403EA6599}
		{C46B76A5-620B-4097-860D-1639A088B46E} = {DFDAE58F-9B59-4FEE-8779-6D1C0F9BE514}
		{11E9369D-4328-4A69-B64D-B5F28423C207} = {97BB7539-7827-484A-BD90-4FFA97CBB02B}
		{1F870394-F389-4BD4-8BD7-A95355622F59} = {97BB7539-7827-484A-BD90-4FFA97CBB02B}
		{E42B7494-EB5F-4E1F-ACBC-34AC070EAE99} = {97BB7539-7827-484A-BD90-4FFA97CBB02B}
		{BDFA55D4-D84A-4BF5-8719-35E5B8073F54} = {97BB7539-7827-484A-BD90-4FFA97CBB02B}
	EndGlobalSection
	GlobalSection(ExtensibilityGlobals) = postSolution
		SolutionGuid = {C0D71BF4-38D5-4748-8717-82E5865206FC}
	EndGlobalSection
EndGlobal
